
Microsoft Visual Studio Solution File, Format Version 12.00
# Visual Studio Version 17
VisualStudioVersion = 17.2.32630.192
MinimumVisualStudioVersion = 10.0.40219.1
Project("{FAE04EC0-301F-11D3-BF4B-00C04F79EFBC}") = "Applications", "Applications\Applications.csproj", "{75C1391D-3D64-40E1-9096-A8DA81AF08CD}"
EndProject
Global
	GlobalSection(SolutionConfigurationPlatforms) = preSolution
		Debug|Any CPU = Debug|Any CPU
		Release|Any CPU = Release|Any CPU
	EndGlobalSection
	GlobalSection(ProjectConfigurationPlatforms) = postSolution
		{75C1391D-3D64-40E1-9096-A8DA81AF08CD}.Debug|Any CPU.ActiveCfg = Debug|Any CPU
		{75C1391D-3D64-40E1-9096-A8DA81AF08CD}.Debug|Any CPU.Build.0 = Debug|Any CPU
		{75C1391D-3D64-40E1-9096-A8DA81AF08CD}.Release|Any CPU.ActiveCfg = Release|Any CPU
		{75C1391D-3D64-40E1-9096-A8DA81AF08CD}.Release|Any CPU.Build.0 = Release|Any CPU
	EndGlobalSection
	GlobalSection(SolutionProperties) = preSolution
		HideSolutionNode = FALSE
	EndGlobalSection
	GlobalSection(ExtensibilityGlobals) = postSolution
		SolutionGuid = {CE8E1AAB-F159-4608-BF9F-46E12249202B}
	EndGlobalSection
EndGlobal
